
Microsoft Visual Studio Solution File, Format Version 11.00
# Visual Studio 2010
Project("{FAE04EC0-301F-11D3-BF4B-00C04F79EFBC}") = "SANSAR2013", "SANSAR2013\SANSAR2013.csproj", "{9D24BE1D-CFD2-4918-8CB7-BB11397B5507}"
EndProject
Global
	GlobalSection(SolutionConfigurationPlatforms) = preSolution
		Debug|x86 = Debug|x86
		Release|x86 = Release|x86
	EndGlobalSection
	GlobalSection(ProjectConfigurationPlatforms) = postSolution
		{9D24BE1D-CFD2-4918-8CB7-BB11397B5507}.Debug|x86.ActiveCfg = Debug|x86
		{9D24BE1D-CFD2-4918-8CB7-BB11397B5507}.Debug|x86.Build.0 = Debug|x86
		{9D24BE1D-CFD2-4918-8CB7-BB11397B5507}.Release|x86.ActiveCfg = Release|x86
		{9D24BE1D-CFD2-4918-8CB7-BB11397B5507}.Release|x86.Build.0 = Release|x86
	EndGlobalSection
	GlobalSection(SolutionProperties) = preSolution
		HideSolutionNode = FALSE
	EndGlobalSection
EndGlobal
